version = 1
revision = 3
requires-python = ">=3.14"

[[package]]
name = "asgiref"
version = "3.11.1"
source = { registry = "https://pypi.org/simple" }
sdist = { url = "https://files.pythonhosted.org/packages/63/40/f03da1264ae8f7cfdbf9146542e5e7e8100a4c66ab48e791df9a03d3f6c0/asgiref-3.11.1.tar.gz", hash = "sha256:5f184dc43b7e763efe848065441eac62229c9f7b0475f41f80e207a114eda4ce", size = 38550, upload-time = "2026-02-03T13:30:14.33Z" }
wheels = [
    { url = "https://files.pythonhosted.org/packages/5c/0a/a72d10ed65068e115044937873362e6e32fab1b7dce0046aeb224682c989/asgiref-3.11.1-py3-none-any.whl", hash = "sha256:e8667a091e69529631969fd45dc268fa79b99c92c5fcdda727757e52146ec133", size = 24345, upload-time = "2026-02-03T13:30:13.039Z" },
]

[[package]]
name = "click"
version = "8.4.2"
source = { registry = "https://pypi.org/simple" }
dependencies = [
    { name = "colorama", marker = "sys_platform == 'win32'" },
]
sdist = { url = "https://files.pythonhosted.org/packages/76/d4/81420972a676e8ffea40450d8c8c92943e7218a78fe9b64359836cc9876b/click-8.4.2.tar.gz", hash = "sha256:9a6cea6e60b17ebe0a44c5cc636d94f09bd66142c1cd7d8b4cd731c4917a15f6", size = 338000, upload-time = "2026-06-24T17:45:15.148Z" }
wheels = [
    { url = "https://files.pythonhosted.org/packages/fb/e2/79c688af8b210d232694e31e59da9f6ec747bae31c3f5946e4e9b98860d5/click-8.4.2-py3-none-any.whl", hash = "sha256:e6f9f66136c816745b9d65817da91d61d957fb16e02e4dcd0552553c5a197b76", size = 119243, upload-time = "2026-06-24T17:45:13.73Z" },
]

[[package]]
name = "colorama"
version = "0.4.6"
source = { registry = "https://pypi.org/simple" }
sdist = { url = "https://files.pythonhosted.org/packages/d8/53/6f443c9a4a8358a93a6792e2acffb9d9d5cb0a5cfd8802644b7b1c9a02e4/colorama-0.4.6.tar.gz", hash = "sha256:08695f5cb7ed6e0531a20572697297273c47b8cae5a63ffc6d6ed5c201be6e44", size = 27697, upload-time = "2022-10-25T02:36:22.414Z" }
wheels = [
    { url = "https://files.pythonhosted.org/packages/d1/d6/3965ed04c63042e047cb6a3e6ed1a63a35087b6a609aa3a15ed8ac56c221/colorama-0.4.6-py2.py3-none-any.whl", hash = "sha256:4f1d9991f5acc0ca119f9d443620b77f9d6b33703e51011c16baf57afb285fc6", size = 25335, upload-time = "2022-10-25T02:36:20.889Z" },
]

[[package]]
name = "cssbeautifier"
version = "2.0.3"
source = { registry = "https://pypi.org/simple" }
dependencies = [
    { name = "editorconfig" },
    { name = "jsbeautifier" },
]
sdist = { url = "https://files.pythonhosted.org/packages/8f/b2/ed2890f0862fea7b79bb5224e22b2393376fdcd8f4b4e24dbbf1e9256d23/cssbeautifier-2.0.3.tar.gz", hash = "sha256:2c2fd129342561029de86b1744efa231c9fafe26023dbc988a1deb0ca0f5c845", size = 25338, upload-time = "2026-06-30T15:41:12.917Z" }
wheels = [
    { url = "https://files.pythonhosted.org/packages/b5/a5/36ebf05de5ae042cc10923f8d78189364076ed5c3f58f0dfe1e639d3ef10/cssbeautifier-2.0.3-py3-none-any.whl", hash = "sha256:14650d9c8a47adcb80a7697a866a3921fe0332ef74a92e1039d09086aa0c5001", size = 122645, upload-time = "2026-06-30T15:41:10.519Z" },
]

[[package]]
name = "django"
version = "6.0.6"
source = { registry = "https://pypi.org/simple" }
dependencies = [
    { name = "asgiref" },
    { name = "sqlparse" },
    { name = "tzdata", marker = "sys_platform == 'win32'" },
]
sdist = { url = "https://files.pythonhosted.org/packages/78/29/ac41e16097af67066d97a7d5775c5d8e7efc5d0284f6b0a159e07b9adb92/django-6.0.6.tar.gz", hash = "sha256:ad03916ba59523d781ae5c3f631960c23d69a9d9c43cecda52fc23b47e953713", size = 10905525, upload-time = "2026-06-03T13:02:46.503Z" }
wheels = [
    { url = "https://files.pythonhosted.org/packages/eb/50/23f9dc45483419a3cc2085b498b25adfbf10642b2941c73e6d2dfaffc9ab/django-6.0.6-py3-none-any.whl", hash = "sha256:25148b1194c47c2e685e5f5e9c5d59c78b075dfd282cb9618861ba6c1708f4d2", size = 8373354, upload-time = "2026-06-03T13:02:41.72Z" },
]

[[package]]
name = "django-arcgis-guards"
version = "0.1.0"
source = { virtual = "." }
dependencies = [
    { name = "django" },
    { name = "gunicorn" },
]

[package.dev-dependencies]
dev = [
    { name = "djlint" },
]

[package.metadata]
requires-dist = [
    { name = "django", specifier = ">=6.0.6" },
    { name = "gunicorn", specifier = ">=26.0.0" },
]

[package.metadata.requires-dev]
dev = [{ name = "djlint", specifier = ">=1.40.3" }]

[[package]]
name = "djlint"
version = "1.40.3"
source = { registry = "https://pypi.org/simple" }
dependencies = [
    { name = "click" },
    { name = "cssbeautifier" },
    { name = "jsbeautifier" },
    { name = "json5" },
    { name = "pathspec" },
    { name = "pyyaml" },
    { name = "regex" },
]
sdist = { url = "https://files.pythonhosted.org/packages/75/98/fdee72fa3bd20af0ca42c136d076c8a2069cd7303d66cb77c60fc901914f/djlint-1.40.3.tar.gz", hash = "sha256:4fe34e932c55f5b87c8df0daf60c07afbe8f620e1a24da1a2bde0ea2651c430e", size = 59215, upload-time = "2026-07-04T11:48:31.126Z" }
wheels = [
    { url = "https://files.pythonhosted.org/packages/80/66/36c7f35408d47b88d4547a7a707c2ce4db9128b19fb549b271a53076204c/djlint-1.40.3-cp314-cp314-macosx_10_15_x86_64.whl", hash = "sha256:669a2b157d2a878eb82e7c85a65e0c57fdfc5193b2c19508d88d64ac82e83e00", size = 572309, upload-time = "2026-07-04T11:48:07.896Z" },
    { url = "https://files.pythonhosted.org/packages/5a/8f/a83bdfe5f5ea4af351755ac5923304e21fe3d12c15659608e56ecd728a0e/djlint-1.40.3-cp314-cp314-macosx_11_0_arm64.whl", hash = "sha256:85fe6a62e4759647c98f1800923ad3a186d5a34ecb027da29bf8c825c62236c8", size = 541432, upload-time = "2026-07-04T11:48:09.015Z" },
    { url = "https://files.pythonhosted.org/packages/03/75/ab7225f497acf5bbae18e381cd25d11de2beff9d7d60d058128b90adc172/djlint-1.40.3-cp314-cp314-manylinux2014_aarch64.manylinux_2_17_aarch64.manylinux_2_28_aarch64.whl", hash = "sha256:498f66913d456da7621e3ba7a712719204d893c6f50b32d860595c1e4e565de7", size = 577447, upload-time = "2026-07-04T11:48:10.175Z" },
    { url = "https://files.pythonhosted.org/packages/a1/7f/52cfe4727bdb2a574acf5e7c17588f851127a75c665b5380edc46a4e5eb3/djlint-1.40.3-cp314-cp314-manylinux2014_x86_64.manylinux_2_17_x86_64.manylinux_2_28_x86_64.whl", hash = "sha256:a4539ac7689f4b37b813b36f88679e3c444b8372d0c76fa6d13788069ddf295c", size = 599804, upload-time = "2026-07-04T11:48:11.61Z" },
    { url = "https://files.pythonhosted.org/packages/11/c1/8305bf213c9065e3f955ad9fdbf1c88c97eee69a5f4783978b5f4ad8eac4/djlint-1.40.3-cp314-cp314-musllinux_1_2_aarch64.whl", hash = "sha256:976b023f2cd2c564eb71ebc618b308d8c38eb67c5d24574bd0d29d445f2106e5", size = 584955, upload-time = "2026-07-04T11:48:12.928Z" },
    { url = "https://files.pythonhosted.org/packages/0a/85/8b6afa4018fe3c70adecbb6ae19f6372d883d16662a5d39caa3e68da83fc/djlint-1.40.3-cp314-cp314-musllinux_1_2_x86_64.whl", hash = "sha256:e61c5d4ad684eeaa4134c5e51e652eb96f3d342d05f5b617eaa629accf591096", size = 609521, upload-time = "2026-07-04T11:48:14.077Z" },
    { url = "https://files.pythonhosted.org/packages/38/42/3e087f577bae675e51c47d123e38c83b249fa5ac29140740e78512b9c36c/djlint-1.40.3-cp314-cp314-win32.whl", hash = "sha256:341dbb91b1ebb96f86804a338c7c40b3a3cb860ace949c40a79da6d45272ff11", size = 442482, upload-time = "2026-07-04T11:48:15.176Z" },
    { url = "https://files.pythonhosted.org/packages/44/15/d71bd699b69f0a1d004f4451779543f778a12bac26c3e9f6ad25a910f205/djlint-1.40.3-cp314-cp314-win_amd64.whl", hash = "sha256:7917f50c96e28c5ecb48312f1696043eba8dd09a497af99f500e020ad0613d36", size = 494803, upload-time = "2026-07-04T11:48:16.353Z" },
    { url = "https://files.pythonhosted.org/packages/b0/84/2e9a86cd16d9a17c52945cec926dd4fb3db1a1e91443a5e8002b8e2e45df/djlint-1.40.3-cp314-cp314-win_arm64.whl", hash = "sha256:b09952d9cd50874287a56aaddda8caf98b33b6a94991195d717cc3b68629438a", size = 438407, upload-time = "2026-07-04T11:48:17.482Z" },
    { url = "https://files.pythonhosted.org/packages/45/2e/ae7714a5db1747c4ed14b71583baf84c53646aa6a2aa37916b55ebc46d5d/djlint-1.40.3-cp314-cp314t-macosx_10_15_x86_64.whl", hash = "sha256:97c83b7497686749f7649973882c2fdd239675662f445135957f19bcc815536c", size = 623561, upload-time = "2026-07-04T11:48:18.604Z" },
    { url = "https://files.pythonhosted.org/packages/af/83/cec6eefd521993531e66e6912db85cccd5f871df65e263715a38f6b21e12/djlint-1.40.3-cp314-cp314t-macosx_11_0_arm64.whl", hash = "sha256:19969e5e5391cb97c755d1e04158456422e51a1808aacb27af624e2c47a45814", size = 593177, upload-time = "2026-07-04T11:48:19.916Z" },
    { url = "https://files.pythonhosted.org/packages/80/39/954d6465f8a072f8ef8d7468d1e33ca7c36912428bb42bb4d4d55145817a/djlint-1.40.3-cp314-cp314t-manylinux2014_aarch64.manylinux_2_17_aarch64.manylinux_2_28_aarch64.whl", hash = "sha256:c02df10cf101b3908ff31128d326e23efa66e68cfaef4430e890e32c61efc129", size = 616979, upload-time = "2026-07-04T11:48:21.086Z" },
    { url = "https://files.pythonhosted.org/packages/5c/bd/f1c1c0fdd7163256cc48192ce0d9bed54cc6e9a537ec66257ea721a9de5d/djlint-1.40.3-cp314-cp314t-manylinux2014_x86_64.manylinux_2_17_x86_64.manylinux_2_28_x86_64.whl", hash = "sha256:1e3900f481b4dcad5b4d149611b0e2c72c4955cdb1ceb5c1074ecb457cb2cb36", size = 638069, upload-time = "2026-07-04T11:48:22.463Z" },
    { url = "https://files.pythonhosted.org/packages/00/b2/834c1aba299454855555792e71610d4b128456748b1335ede89095158792/djlint-1.40.3-cp314-cp314t-musllinux_1_2_aarch64.whl", hash = "sha256:152b2854f92285b0ddb9b730426dfe9e7cc64603a92bde9934d51e80518a0e40", size = 623183, upload-time = "2026-07-04T11:48:23.617Z" },
    { url = "https://files.pythonhosted.org/packages/fc/e9/1858be94f1205c85505d8646ac6b85d1312791e8b8d19f94548cf54ccb5c/djlint-1.40.3-cp314-cp314t-musllinux_1_2_x86_64.whl", hash = "sha256:617be8d11f337cc1e4034b8a035ef1c21dcdf4578571c4029d6108439e55765c", size = 646847, upload-time = "2026-07-04T11:48:25.11Z" },
    { url = "https://files.pythonhosted.org/packages/cd/d8/45405e2389f7e7ff74add6abf563e66cb79934809c4298e4412a1e07f216/djlint-1.40.3-cp314-cp314t-win32.whl", hash = "sha256:a44c8248569e783e9ca5eb9588374b1b265b800b93633527d8b084ff93828287", size = 465322, upload-time = "2026-07-04T11:48:26.421Z" },
    { url = "https://files.pythonhosted.org/packages/70/e8/cac6d8e0b348c1eddb37f64bf4362e0f43dde0e122de670061386d458747/djlint-1.40.3-cp314-cp314t-win_amd64.whl", hash = "sha256:af048452b63eaf329bb9c011085b554a81ef2417724f3a0f55dd26825383d85f", size = 514250, upload-time = "2026-07-04T11:48:27.886Z" },
    { url = "https://files.pythonhosted.org/packages/13/86/69541eb6079d8eda51085fefae0e7f8603390679894231dac763d90c7ca8/djlint-1.40.3-cp314-cp314t-win_arm64.whl", hash = "sha256:5e125ec3742d710b838c49e74fb5074e0efc80c3261c2bcc36a9817510da438e", size = 456540, upload-time = "2026-07-04T11:48:29.18Z" },
    { url = "https://files.pythonhosted.org/packages/17/40/f29fc555c8fb3a0cf2d12346ee05b8e8c6183ba98b82e5c8ee5453018891/djlint-1.40.3-py3-none-any.whl", hash = "sha256:d2b396a2cb288409fa83abc3f2b17c04aa98b0238bceaeb9d02c1db66e4f0e8f", size = 65272, upload-time = "2026-07-04T11:48:30.239Z" },
]

[[package]]
name = "editorconfig"
version = "0.17.1"
source = { registry = "https://pypi.org/simple" }
sdist = { url = "https://files.pythonhosted.org/packages/88/3a/a61d9a1f319a186b05d14df17daea42fcddea63c213bcd61a929fb3a6796/editorconfig-0.17.1.tar.gz", hash = "sha256:23c08b00e8e08cc3adcddb825251c497478df1dada6aefeb01e626ad37303745", size = 14695, upload-time = "2025-06-09T08:21:37.097Z" }
wheels = [
    { url = "https://files.pythonhosted.org/packages/96/fd/a40c621ff207f3ce8e484aa0fc8ba4eb6e3ecf52e15b42ba764b457a9550/editorconfig-0.17.1-py3-none-any.whl", hash = "sha256:1eda9c2c0db8c16dbd50111b710572a5e6de934e39772de1959d41f64fc17c82", size = 16360, upload-time = "2025-06-09T08:21:35.654Z" },
]

[[package]]
name = "gunicorn"
version = "26.0.0"
source = { registry = "https://pypi.org/simple" }
dependencies = [
    { name = "packaging" },
]
sdist = { url = "https://files.pythonhosted.org/packages/6d/b7/a4a3f632f823e432ce6bc65f62961b7980c898c77f075a2f7118cb3846fe/gunicorn-26.0.0.tar.gz", hash = "sha256:ca9346f85e3a4aeeb64d491045c16b9a35647abd37ea15efe53080eb8b090baf", size = 727286, upload-time = "2026-05-05T06:38:25.529Z" }
wheels = [
    { url = "https://files.pythonhosted.org/packages/e6/40/9c2384fc2be4ad25dd4a49decd5ad9ea5a3639814c11bd40ab77cb9f0a14/gunicorn-26.0.0-py3-none-any.whl", hash = "sha256:40233d26a5f0d1872916188c276e21641155111c2853f0c2cd55260aec0d24fc", size = 212009, upload-time = "2026-05-05T06:38:23.007Z" },
]

[[package]]
name = "jsbeautifier"
version = "2.0.3"
source = { registry = "https://pypi.org/simple" }
dependencies = [
    { name = "editorconfig" },
]
sdist = { url = "https://files.pythonhosted.org/packages/2e/81/e0e11e305caa89831a0c8e555638d588c28b426d1105e734e113b00efd5d/jsbeautifier-2.0.3.tar.gz", hash = "sha256:9579d4e9dbaa00383f3efdff4c98c8140bb85ba319398e8b97cdaba27abd6ba3", size = 74659, upload-time = "2026-06-30T15:41:13.691Z" }
wheels = [
    { url = "https://files.pythonhosted.org/packages/51/0b/607e06204b207c29a86759c763624aabbdd16613844564536847d71ad461/jsbeautifier-2.0.3-py3-none-any.whl", hash = "sha256:f0190e279a2cdb827556ada63f41c9c63c11f8116ee06e264b24aa50311cbee3", size = 93877, upload-time = "2026-06-30T15:41:11.731Z" },
]

[[package]]
name = "json5"
version = "0.15.0"
source = { registry = "https://pypi.org/simple" }
sdist = { url = "https://files.pythonhosted.org/packages/e4/7d/05c46a96a78147ae3bf99c2f4169ce144a70220b8d6fcd56f6ec368b8ce9/json5-0.15.0.tar.gz", hash = "sha256:7424d1f1eb1d56da6e3d70643f53619862b4ce81440bdb8ecfd6f875e5ba4a71", size = 53278, upload-time = "2026-06-19T20:08:27.716Z" }
wheels = [
    { url = "https://files.pythonhosted.org/packages/eb/be/59527c99478aade6bb33a68d72e6e18dd4e6ff6eacfc7d01bdb15bc76912/json5-0.15.0-py3-none-any.whl", hash = "sha256:56636a30c0e8a4665fe2179c0212f32eae3796dea89ea6f649b9436ecdb39618", size = 36570, upload-time = "2026-06-19T20:08:26.748Z" },
]

[[package]]
name = "packaging"
version = "26.2"
source = { registry = "https://pypi.org/simple" }
sdist = { url = "https://files.pythonhosted.org/packages/d7/f1/e7a6dd94a8d4a5626c03e4e99c87f241ba9e350cd9e6d75123f992427270/packaging-26.2.tar.gz", hash = "sha256:ff452ff5a3e828ce110190feff1178bb1f2ea2281fa2075aadb987c2fb221661", size = 228134, upload-time = "2026-04-24T20:15:23.917Z" }
wheels = [
    { url = "https://files.pythonhosted.org/packages/df/b2/87e62e8c3e2f4b32e5fe99e0b86d576da1312593b39f47d8ceef365e95ed/packaging-26.2-py3-none-any.whl", hash = "sha256:5fc45236b9446107ff2415ce77c807cee2862cb6fac22b8a73826d0693b0980e", size = 100195, upload-time = "2026-04-24T20:15:22.081Z" },
]

[[package]]
name = "pathspec"
version = "1.1.1"
source = { registry = "https://pypi.org/simple" }
sdist = { url = "https://files.pythonhosted.org/packages/5a/82/42f767fc1c1143d6fd36efb827202a2d997a375e160a71eb2888a925aac1/pathspec-1.1.1.tar.gz", hash = "sha256:17db5ecd524104a120e173814c90367a96a98d07c45b2e10c2f3919fff91bf5a", size = 135180, upload-time = "2026-04-27T01:46:08.907Z" }
wheels = [
    { url = "https://files.pythonhosted.org/packages/f1/d9/7fb5aa316bc299258e68c73ba3bddbc499654a07f151cba08f6153988714/pathspec-1.1.1-py3-none-any.whl", hash = "sha256:a00ce642f577bf7f473932318056212bc4f8bfdf53128c78bbd5af0b9b20b189", size = 57328, upload-time = "2026-04-27T01:46:07.06Z" },
]

[[package]]
name = "pyyaml"
version = "6.0.3"
source = { registry = "https://pypi.org/simple" }
sdist = { url = "https://files.pythonhosted.org/packages/05/8e/961c0007c59b8dd7729d542c61a4d537767a59645b82a0b521206e1e25c2/pyyaml-6.0.3.tar.gz", hash = "sha256:d76623373421df22fb4cf8817020cbb7ef15c725b9d5e45f17e189bfc384190f", size = 130960, upload-time = "2025-09-25T21:33:16.546Z" }
wheels = [
    { url = "https://files.pythonhosted.org/packages/9d/8c/f4bd7f6465179953d3ac9bc44ac1a8a3e6122cf8ada906b4f96c60172d43/pyyaml-6.0.3-cp314-cp314-macosx_10_13_x86_64.whl", hash = "sha256:8d1fab6bb153a416f9aeb4b8763bc0f22a5586065f86f7664fc23339fc1c1fac", size = 181814, upload-time = "2025-09-25T21:32:35.712Z" },
    { url = "https://files.pythonhosted.org/packages/bd/9c/4d95bb87eb2063d20db7b60faa3840c1b18025517ae857371c4dd55a6b3a/pyyaml-6.0.3-cp314-cp314-macosx_11_0_arm64.whl", hash = "sha256:34d5fcd24b8445fadc33f9cf348c1047101756fd760b4dacb5c3e99755703310", size = 173809, upload-time = "2025-09-25T21:32:36.789Z" },
    { url = "https://files.pythonhosted.org/packages/92/b5/47e807c2623074914e29dabd16cbbdd4bf5e9b2db9f8090fa64411fc5382/pyyaml-6.0.3-cp314-cp314-manylinux2014_aarch64.manylinux_2_17_aarch64.manylinux_2_28_aarch64.whl", hash = "sha256:501a031947e3a9025ed4405a168e6ef5ae3126c59f90ce0cd6f2bfc477be31b7", size = 766454, upload-time = "2025-09-25T21:32:37.966Z" },
    { url = "https://files.pythonhosted.org/packages/02/9e/e5e9b168be58564121efb3de6859c452fccde0ab093d8438905899a3a483/pyyaml-6.0.3-cp314-cp314-manylinux2014_s390x.manylinux_2_17_s390x.manylinux_2_28_s390x.whl", hash = "sha256:b3bc83488de33889877a0f2543ade9f70c67d66d9ebb4ac959502e12de895788", size = 836355, upload-time = "2025-09-25T21:32:39.178Z" },
    { url = "https://files.pythonhosted.org/packages/88/f9/16491d7ed2a919954993e48aa941b200f38040928474c9e85ea9e64222c3/pyyaml-6.0.3-cp314-cp314-manylinux2014_x86_64.manylinux_2_17_x86_64.manylinux_2_28_x86_64.whl", hash = "sha256:c458b6d084f9b935061bc36216e8a69a7e293a2f1e68bf956dcd9e6cbcd143f5", size = 794175, upload-time = "2025-09-25T21:32:40.865Z" },
    { url = "https://files.pythonhosted.org/packages/dd/3f/5989debef34dc6397317802b527dbbafb2b4760878a53d4166579111411e/pyyaml-6.0.3-cp314-cp314-musllinux_1_2_aarch64.whl", hash = "sha256:7c6610def4f163542a622a73fb39f534f8c101d690126992300bf3207eab9764", size = 755228, upload-time = "2025-09-25T21:32:42.084Z" },
    { url = "https://files.pythonhosted.org/packages/d7/ce/af88a49043cd2e265be63d083fc75b27b6ed062f5f9fd6cdc223ad62f03e/pyyaml-6.0.3-cp314-cp314-musllinux_1_2_x86_64.whl", hash = "sha256:5190d403f121660ce8d1d2c1bb2ef1bd05b5f68533fc5c2ea899bd15f4399b35", size = 789194, upload-time = "2025-09-25T21:32:43.362Z" },
    { url = "https://files.pythonhosted.org/packages/23/20/bb6982b26a40bb43951265ba29d4c246ef0ff59c9fdcdf0ed04e0687de4d/pyyaml-6.0.3-cp314-cp314-win_amd64.whl", hash = "sha256:4a2e8cebe2ff6ab7d1050ecd59c25d4c8bd7e6f400f5f82b96557ac0abafd0ac", size = 156429, upload-time = "2025-09-25T21:32:57.844Z" },
    { url = "https://files.pythonhosted.org/packages/f4/f4/a4541072bb9422c8a883ab55255f918fa378ecf083f5b85e87fc2b4eda1b/pyyaml-6.0.3-cp314-cp314-win_arm64.whl", hash = "sha256:93dda82c9c22deb0a405ea4dc5f2d0cda384168e466364dec6255b293923b2f3", size = 143912, upload-time = "2025-09-25T21:32:59.247Z" },
    { url = "https://files.pythonhosted.org/packages/7c/f9/07dd09ae774e4616edf6cda684ee78f97777bdd15847253637a6f052a62f/pyyaml-6.0.3-cp314-cp314t-macosx_10_13_x86_64.whl", hash = "sha256:02893d100e99e03eda1c8fd5c441d8c60103fd175728e23e431db1b589cf5ab3", size = 189108, upload-time = "2025-09-25T21:32:44.377Z" },
    { url = "https://files.pythonhosted.org/packages/4e/78/8d08c9fb7ce09ad8c38ad533c1191cf27f7ae1effe5bb9400a46d9437fcf/pyyaml-6.0.3-cp314-cp314t-macosx_11_0_arm64.whl", hash = "sha256:c1ff362665ae507275af2853520967820d9124984e0f7466736aea23d8611fba", size = 183641, upload-time = "2025-09-25T21:32:45.407Z" },
    { url = "https://files.pythonhosted.org/packages/7b/5b/3babb19104a46945cf816d047db2788bcaf8c94527a805610b0289a01c6b/pyyaml-6.0.3-cp314-cp314t-manylinux2014_aarch64.manylinux_2_17_aarch64.manylinux_2_28_aarch64.whl", hash = "sha256:6adc77889b628398debc7b65c073bcb99c4a0237b248cacaf3fe8a557563ef6c", size = 831901, upload-time = "2025-09-25T21:32:48.83Z" },
    { url = "https://files.pythonhosted.org/packages/8b/cc/dff0684d8dc44da4d22a13f35f073d558c268780ce3c6ba1b87055bb0b87/pyyaml-6.0.3-cp314-cp314t-manylinux2014_s390x.manylinux_2_17_s390x.manylinux_2_28_s390x.whl", hash = "sha256:a80cb027f6b349846a3bf6d73b5e95e782175e52f22108cfa17876aaeff93702", size = 861132, upload-time = "2025-09-25T21:32:50.149Z" },
    { url = "https://files.pythonhosted.org/packages/b1/5e/f77dc6b9036943e285ba76b49e118d9ea929885becb0a29ba8a7c75e29fe/pyyaml-6.0.3-cp314-cp314t-manylinux2014_x86_64.manylinux_2_17_x86_64.manylinux_2_28_x86_64.whl", hash = "sha256:00c4bdeba853cc34e7dd471f16b4114f4162dc03e6b7afcc2128711f0eca823c", size = 839261, upload-time = "2025-09-25T21:32:51.808Z" },
    { url = "https://files.pythonhosted.org/packages/ce/88/a9db1376aa2a228197c58b37302f284b5617f56a5d959fd1763fb1675ce6/pyyaml-6.0.3-cp314-cp314t-musllinux_1_2_aarch64.whl", hash = "sha256:66e1674c3ef6f541c35191caae2d429b967b99e02040f5ba928632d9a7f0f065", size = 805272, upload-time = "2025-09-25T21:32:52.941Z" },
    { url = "https://files.pythonhosted.org/packages/da/92/1446574745d74df0c92e6aa4a7b0b3130706a4142b2d1a5869f2eaa423c6/pyyaml-6.0.3-cp314-cp314t-musllinux_1_2_x86_64.whl", hash = "sha256:16249ee61e95f858e83976573de0f5b2893b3677ba71c9dd36b9cf8be9ac6d65", size = 829923, upload-time = "2025-09-25T21:32:54.537Z" },
    { url = "https://files.pythonhosted.org/packages/f0/7a/1c7270340330e575b92f397352af856a8c06f230aa3e76f86b39d01b416a/pyyaml-6.0.3-cp314-cp314t-win_amd64.whl", hash = "sha256:4ad1906908f2f5ae4e5a8ddfce73c320c2a1429ec52eafd27138b7f1cbe341c9", size = 174062, upload-time = "2025-09-25T21:32:55.767Z" },
    { url = "https://files.pythonhosted.org/packages/f1/12/de94a39c2ef588c7e6455cfbe7343d3b2dc9d6b6b2f40c4c6565744c873d/pyyaml-6.0.3-cp314-cp314t-win_arm64.whl", hash = "sha256:ebc55a14a21cb14062aa4162f906cd962b28e2e9ea38f9b4391244cd8de4ae0b", size = 149341, upload-time = "2025-09-25T21:32:56.828Z" },
]

[[package]]
name = "regex"
version = "2026.6.28"
source = { registry = "https://pypi.org/simple" }
sdist = { url = "https://files.pythonhosted.org/packages/f1/05/e4f219230e11e774a6c9987d2ab0d0c6b8573e13a17e143d0015bee710ef/regex-2026.6.28.tar.gz", hash = "sha256:3cb4b6c5cb3060cc31efdc1fbb27c25fb9b29044afd87e40601a1c4d9db54342", size = 416101, upload-time = "2026-06-28T19:56:55.302Z" }
wheels = [
    { url = "https://files.pythonhosted.org/packages/3b/fb/fad3b810a5bb1e09b9e5d6913fc6ba88cab738fdf283196827a3c59a4c10/regex-2026.6.28-cp314-cp314-macosx_10_13_universal2.whl", hash = "sha256:f7c032b0c8a73739ff8ff1aaf30c281fa19c17bf7f1543256c8507390db7807c", size = 490407, upload-time = "2026-06-28T19:55:42.724Z" },
    { url = "https://files.pythonhosted.org/packages/d6/52/b8c79d12276d93e90e707e939b396034c04980caf1235312ef790f8e11fc/regex-2026.6.28-cp314-cp314-macosx_10_13_x86_64.whl", hash = "sha256:f6710f512c57b84f127a23d0f59560a03b64136eff419ae1be5ab557577fe5e3", size = 291988, upload-time = "2026-06-28T19:55:44.549Z" },
    { url = "https://files.pythonhosted.org/packages/23/d2/6a911f18279daa8d7bb8b20d771ddb6ef31fabd35f5921f9d3ba21640e80/regex-2026.6.28-cp314-cp314-macosx_11_0_arm64.whl", hash = "sha256:c0013958f427bd82509a186b9ff206d66cb8d60a81fc797a4c717afd18c5b0ba", size = 289704, upload-time = "2026-06-28T19:55:46.365Z" },
    { url = "https://files.pythonhosted.org/packages/fd/22/ad1955c47c669291a05804d53d7071cc0732dfdf166857be38003cedc2d1/regex-2026.6.28-cp314-cp314-manylinux2014_aarch64.manylinux_2_17_aarch64.manylinux_2_28_aarch64.whl", hash = "sha256:94f06cdcd6421f8e194ad312ea608020381250df9b8a57661c1b57e9e5273878", size = 797017, upload-time = "2026-06-28T19:55:48.166Z" },
    { url = "https://files.pythonhosted.org/packages/e5/67/a83159ff8703ab4d0c2cf99e76ebf289b7b4a501623241d09f88f3614f80/regex-2026.6.28-cp314-cp314-manylinux2014_ppc64le.manylinux_2_17_ppc64le.manylinux_2_28_ppc64le.whl", hash = "sha256:ec9689392f7494ff4e3f8e7e8522f9158f11023f337eaaf04a64542fc45bbf26", size = 866112, upload-time = "2026-06-28T19:55:51.047Z" },
    { url = "https://files.pythonhosted.org/packages/b9/09/7bff2d6dbbd77421b3274aa51db1c887381cbc5b6eda93598c3e882ea345/regex-2026.6.28-cp314-cp314-manylinux2014_s390x.manylinux_2_17_s390x.manylinux_2_28_s390x.whl", hash = "sha256:aa084684e6d2078bf6139e374d1fc2af5ddc1ac7122759a2db716d68169f6fd0", size = 911554, upload-time = "2026-06-28T19:55:53.707Z" },
    { url = "https://files.pythonhosted.org/packages/29/44/ae59c3826e7ba492e56795cdf74ea2a7b5b7c5ea116afb79ee4956a5dff1/regex-2026.6.28-cp314-cp314-manylinux2014_x86_64.manylinux_2_17_x86_64.manylinux_2_28_x86_64.whl", hash = "sha256:40455e6840dc4e96a6fe50f4cedc957de2752c954d91e789812be55d49be199a", size = 800665, upload-time = "2026-06-28T19:55:55.875Z" },
    { url = "https://files.pythonhosted.org/packages/d6/19/6fd033d2ab00f35d445aaeaf3307c1e721424dcbfd48f6f65c857cb939cf/regex-2026.6.28-cp314-cp314-manylinux_2_31_riscv64.manylinux_2_39_riscv64.whl", hash = "sha256:530b5c223b9ca5dd8370ac502e080aee0e4ded32be987c6564b425fb5523d581", size = 777243, upload-time = "2026-06-28T19:55:57.909Z" },
    { url = "https://files.pythonhosted.org/packages/4e/9d/99730f26df4938049ab1e652ca75e967b4c6739444e18d9707bfdb8af20c/regex-2026.6.28-cp314-cp314-musllinux_1_2_aarch64.whl", hash = "sha256:8e0ed273ecd1a89be84466c1749bfe58609cc2a32b5d5e05006c4625ba96411b", size = 785784, upload-time = "2026-06-28T19:56:00.072Z" },
    { url = "https://files.pythonhosted.org/packages/48/49/105cd57162f5fc5c04cc917a1388a060cf8427e5c14353cd9044660fbf4d/regex-2026.6.28-cp314-cp314-musllinux_1_2_ppc64le.whl", hash = "sha256:0ab0d5344311fc8e8667078942056c3b9c9b4a4b1cc99f2eb8a5af54554f4acc", size = 860914, upload-time = "2026-06-28T19:56:02.017Z" },
    { url = "https://files.pythonhosted.org/packages/a2/a5/788245a95b69018f58bff2f4fd27d007cacaea088cdb390979743f1b2571/regex-2026.6.28-cp314-cp314-musllinux_1_2_riscv64.whl", hash = "sha256:eacb79625323d9f7e7925366b917f492b8356fad58f5dc4fa12ff8c21d8f4ca9", size = 765915, upload-time = "2026-06-28T19:56:05.021Z" },
    { url = "https://files.pythonhosted.org/packages/ca/01/292065a39a004b05e67a337b18213670a7cb919d6856ac2d7df7f1a10dbb/regex-2026.6.28-cp314-cp314-musllinux_1_2_s390x.whl", hash = "sha256:20f4d87702702aa1d572721e146f301660c50eef6fd6cb596e48a22b0ace17db", size = 851404, upload-time = "2026-06-28T19:56:07.251Z" },
    { url = "https://files.pythonhosted.org/packages/98/9e/a93d865db0e13483ae1a01d81e2ce16d4a7fe2f9b9fe4aac4cc08590b136/regex-2026.6.28-cp314-cp314-musllinux_1_2_x86_64.whl", hash = "sha256:1e693940a3b9e6d6e4dc2a54ecaa74b74934f77af1ef95f518a74261ef7cc1bc", size = 789373, upload-time = "2026-06-28T19:56:09.894Z" },
    { url = "https://files.pythonhosted.org/packages/82/0c/38b1685ad4017d78efbc8fa7dbbf96d8113b53750c8aa2d3609defd46605/regex-2026.6.28-cp314-cp314-win32.whl", hash = "sha256:234a51e20ebc18ab83b2c0600cf28f2e884560a0e00f743878f0b7d8e7c4cf03", size = 272496, upload-time = "2026-06-28T19:56:11.83Z" },
    { url = "https://files.pythonhosted.org/packages/55/50/e19f261ff9ba9b50722a529e09b1743ecf65eb348be99d0fd2cd7fcede1c/regex-2026.6.28-cp314-cp314-win_amd64.whl", hash = "sha256:7b15c437bc4604f03ceb3f8d37eae2f8930e320e1bc556b259848c639d9eec1a", size = 280754, upload-time = "2026-06-28T19:56:13.758Z" },
    { url = "https://files.pythonhosted.org/packages/36/b8/c9e68f3a9e33be73f20990b2c065b144ff2d0aa242608a950d8c4f3b56e8/regex-2026.6.28-cp314-cp314-win_arm64.whl", hash = "sha256:c6e6f790d01380a74ad564f216c533b86504afb61bf66f2b2e11e7f1a3e287a7", size = 280979, upload-time = "2026-06-28T19:56:15.928Z" },
    { url = "https://files.pythonhosted.org/packages/03/e6/21c425a37880c650d007c4171c6a80325446d830d85f5fbf335e7205b1e7/regex-2026.6.28-cp314-cp314t-macosx_10_13_universal2.whl", hash = "sha256:3527a72adcbe9e3600f1553b497d397c1a371d227580d41d96c3c5964109b65c", size = 494282, upload-time = "2026-06-28T19:56:18.049Z" },
    { url = "https://files.pythonhosted.org/packages/07/50/6647a7ccf5ffff995ba955a0b7d766440f4e58ce1666549c8ee998f2b972/regex-2026.6.28-cp314-cp314t-macosx_10_13_x86_64.whl", hash = "sha256:a644f6408692812f5ead82519eed680e08d5d546fddbd9f7d9514e3c73899aa5", size = 293977, upload-time = "2026-06-28T19:56:20.145Z" },
    { url = "https://files.pythonhosted.org/packages/8c/dc/a3e141a4eaf125e50f63105570c01fa477c06ac5259dcfa95e9b90760e84/regex-2026.6.28-cp314-cp314t-macosx_11_0_arm64.whl", hash = "sha256:8e2fae6bb883648346f84db270dc9aafc29d8e895f62b88a75ccc83b09519820", size = 292432, upload-time = "2026-06-28T19:56:22.345Z" },
    { url = "https://files.pythonhosted.org/packages/35/ee/2ac1a6b9f167f8ff69f5a789938cc103b60cff41b24a6990daced8b88e34/regex-2026.6.28-cp314-cp314t-manylinux2014_aarch64.manylinux_2_17_aarch64.manylinux_2_28_aarch64.whl", hash = "sha256:debe623e09cee97ef9404575e936c610aac9bb08358c5099aaef14644a6871f2", size = 811877, upload-time = "2026-06-28T19:56:25.056Z" },
    { url = "https://files.pythonhosted.org/packages/df/7b/9a5505ee92180bcae300b1018b9ff3d3c19962436e66f2505f255e9fde35/regex-2026.6.28-cp314-cp314t-manylinux2014_ppc64le.manylinux_2_17_ppc64le.manylinux_2_28_ppc64le.whl", hash = "sha256:cc579c91fb4605773483a8d940b136bcc5b854fff44fa14a1572a038f46563f1", size = 871212, upload-time = "2026-06-28T19:56:27.352Z" },
    { url = "https://files.pythonhosted.org/packages/24/4d/d61a702a9f9d1bd29b22cbef1aed6d477baa961232a7eb4d91b7775b0b3e/regex-2026.6.28-cp314-cp314t-manylinux2014_s390x.manylinux_2_17_s390x.manylinux_2_28_s390x.whl", hash = "sha256:e7c42be203d84ecf7d487ff23f8a61ef0eb0534fa0fc317a2fce8c065d20618f", size = 917507, upload-time = "2026-06-28T19:56:29.762Z" },
    { url = "https://files.pythonhosted.org/packages/d4/60/1308066f5966b65fbb6905b99ba37e9f1cd753dd0ac08485f8257334ee92/regex-2026.6.28-cp314-cp314t-manylinux2014_x86_64.manylinux_2_17_x86_64.manylinux_2_28_x86_64.whl", hash = "sha256:e8184b4e2fdaf9cdfe77e38f15a4d9dc149168c9c29eb0ea17c5481d3bb80546", size = 816389, upload-time = "2026-06-28T19:56:32.043Z" },
    { url = "https://files.pythonhosted.org/packages/bd/5c/57ce2cb8d714ee0b7f11c7ee4cfe2af66df2b90f147feadcb538609a3a02/regex-2026.6.28-cp314-cp314t-manylinux_2_31_riscv64.manylinux_2_39_riscv64.whl", hash = "sha256:697f103104f5872d64078d8eeac59979960be8ee76115a2d3f31096312e2a400", size = 785890, upload-time = "2026-06-28T19:56:34.492Z" },
    { url = "https://files.pythonhosted.org/packages/ff/fd/1d5350d3a8a327bff0fccacb911732baf7b5b6f5529c0e3fa602a23e7dad/regex-2026.6.28-cp314-cp314t-musllinux_1_2_aarch64.whl", hash = "sha256:714d2b1aa29beef0ddfcdc72ad0771c05326551a8bb0680b0ddf74bfaad87387", size = 801451, upload-time = "2026-06-28T19:56:36.749Z" },
    { url = "https://files.pythonhosted.org/packages/f3/79/3c9e4f8a0306e030ad5a43bbbc01625fb28d58a813bc52d42fd1cc63fb2e/regex-2026.6.28-cp314-cp314t-musllinux_1_2_ppc64le.whl", hash = "sha256:0f09f62e450cc2f113018cc8412aeea3a120a04e1ca7e801a0d441583f9a3b06", size = 866504, upload-time = "2026-06-28T19:56:38.994Z" },
    { url = "https://files.pythonhosted.org/packages/65/12/f747de475b54f4709efb24dd0fbc8467c64cec91f5db0d047b079646ee78/regex-2026.6.28-cp314-cp314t-musllinux_1_2_riscv64.whl", hash = "sha256:731ea12d5aeb2577eaef2393d6428b995f76eb35f68a89e03e15a97719d1de19", size = 773047, upload-time = "2026-06-28T19:56:41.061Z" },
    { url = "https://files.pythonhosted.org/packages/58/3c/f02f860e0500c1b2d61a79dec7e214b37fb9656281dcddc92397edf96678/regex-2026.6.28-cp314-cp314t-musllinux_1_2_s390x.whl", hash = "sha256:51e952c8783eabd4706d0f63922f219bcfc1bef9b8cb35941c0d1a0396578858", size = 856665, upload-time = "2026-06-28T19:56:43.466Z" },
    { url = "https://files.pythonhosted.org/packages/4d/6c/28b3fa222513484be9dee26b7222bda109056c43ea28aa2314262ca48816/regex-2026.6.28-cp314-cp314t-musllinux_1_2_x86_64.whl", hash = "sha256:43248fe4c0ab8fbb223588a0795b11268940072c97bba30ea8f9b49d8cdfde34", size = 803573, upload-time = "2026-06-28T19:56:45.791Z" },
    { url = "https://files.pythonhosted.org/packages/fa/f0/8f86cf1a1fd85c5ab0c503c9fe4607ad4ad48978b2d8b435d94465e134c7/regex-2026.6.28-cp314-cp314t-win32.whl", hash = "sha256:fc1eddc25ad23c0f1344ab280d961ac595ead48292d7c779497975942373f493", size = 274515, upload-time = "2026-06-28T19:56:47.948Z" },
    { url = "https://files.pythonhosted.org/packages/0f/de/f8613c03b36786ddef2c930d28f9bcae861fcd541cc9203a870956cf1e83/regex-2026.6.28-cp314-cp314t-win_amd64.whl", hash = "sha256:ede8d8e53b6dde0a50f7eca902f0af76d87ab02a55aba7542da68ae3e5dfe83d", size = 283650, upload-time = "2026-06-28T19:56:50.614Z" },
    { url = "https://files.pythonhosted.org/packages/4d/f3/f5ec86839bbabe33b6dee649b62ff9a445d43de6b0ad780cf6b83c56f61e/regex-2026.6.28-cp314-cp314t-win_arm64.whl", hash = "sha256:4da6f6a72f8700b97a1a765e837fb7d5750bfd9f13acea7bae498f573e3a70a8", size = 283338, upload-time = "2026-06-28T19:56:52.879Z" },
]

[[package]]
name = "sqlparse"
version = "0.5.5"
source = { registry = "https://pypi.org/simple" }
sdist = { url = "https://files.pythonhosted.org/packages/90/76/437d71068094df0726366574cf3432a4ed754217b436eb7429415cf2d480/sqlparse-0.5.5.tar.gz", hash = "sha256:e20d4a9b0b8585fdf63b10d30066c7c94c5d7a7ec47c889a2d83a3caa93ff28e", size = 120815, upload-time = "2025-12-19T07:17:45.073Z" }
wheels = [
    { url = "https://files.pythonhosted.org/packages/49/4b/359f28a903c13438ef59ebeee215fb25da53066db67b305c125f1c6d2a25/sqlparse-0.5.5-py3-none-any.whl", hash = "sha256:12a08b3bf3eec877c519589833aed092e2444e68240a3577e8e26148acc7b1ba", size = 46138, upload-time = "2025-12-19T07:17:46.573Z" },
]

[[package]]
name = "tzdata"
version = "2026.2"
source = { registry = "https://pypi.org/simple" }
sdist = { url = "https://files.pythonhosted.org/packages/ba/19/1b9b0e29f30c6d35cb345486df41110984ea67ae69dddbc0e8a100999493/tzdata-2026.2.tar.gz", hash = "sha256:9173fde7d80d9018e02a662e168e5a2d04f87c41ea174b139fbef642eda62d10", size = 198254, upload-time = "2026-04-24T15:22:08.651Z" }
wheels = [
    { url = "https://files.pythonhosted.org/packages/ce/e4/dccd7f47c4b64213ac01ef921a1337ee6e30e8c6466046018326977efd95/tzdata-2026.2-py2.py3-none-any.whl", hash = "sha256:bbe9af844f658da81a5f95019480da3a89415801f6cc966806612cc7169bffe7", size = 349321, upload-time = "2026-04-24T15:22:05.876Z" },
]
